// !$*UTF8*$!
{
	archiveVersion = 1;
	classes = {
	};
	objectVersion = 55;
	objects = {

/* Begin PBXBuildFile section */
		4774B20E28F84285008C0F6E /* AppDelegate.swift in Sources */ = {isa = PBXBuildFile; fileRef = 4774B20D28F84285008C0F6E /* AppDelegate.swift */; };
		4774B21028F84285008C0F6E /* SceneDelegate.swift in Sources */ = {isa = PBXBuildFile; fileRef = 4774B20F28F84285008C0F6E /* SceneDelegate.swift */; };
		4774B21228F84285008C0F6E /* OverviewController.swift in Sources */ = {isa = PBXBuildFile; fileRef = 4774B21128F84285008C0F6E /* OverviewController.swift */; };
		4774B21728F84286008C0F6E /* Assets.xcassets in Resources */ = {isa = PBXBuildFile; fileRef = 4774B21628F84286008C0F6E /* Assets.xcassets */; };
		4774B21A28F84286008C0F6E /* LaunchScreen.storyboard in Resources */ = {isa = PBXBuildFile; fileRef = 4774B21828F84286008C0F6E /* LaunchScreen.storyboard */; };
		4774B22428F8439C008C0F6E /* TabBarController.swift in Sources */ = {isa = PBXBuildFile; fileRef = 4774B22328F8439C008C0F6E /* TabBarController.swift */; };
		4774B22828F844A2008C0F6E /* UIColor+Hex.swift in Sources */ = {isa = PBXBuildFile; fileRef = 4774B22728F844A2008C0F6E /* UIColor+Hex.swift */; };
		4774B22A28F844D6008C0F6E /* Resources.swift in Sources */ = {isa = PBXBuildFile; fileRef = 4774B22928F844D6008C0F6E /* Resources.swift */; };
		4774B22C28F84B6E008C0F6E /* NavBarController.swift in Sources */ = {isa = PBXBuildFile; fileRef = 4774B22B28F84B6E008C0F6E /* NavBarController.swift */; };
		4774B22F28F84D98008C0F6E /* BaseController.swift in Sources */ = {isa = PBXBuildFile; fileRef = 4774B22E28F84D98008C0F6E /* BaseController.swift */; };
		4774B23128F84E5C008C0F6E /* UIView+Ext.swift in Sources */ = {isa = PBXBuildFile; fileRef = 4774B23028F84E5C008C0F6E /* UIView+Ext.swift */; };
		4774B23828F8806D008C0F6E /* SessionController.swift in Sources */ = {isa = PBXBuildFile; fileRef = 4774B23728F8806D008C0F6E /* SessionController.swift */; };
		4774B23A28F88075008C0F6E /* ProgressController.swift in Sources */ = {isa = PBXBuildFile; fileRef = 4774B23928F88075008C0F6E /* ProgressController.swift */; };
		4774B23C28F8807D008C0F6E /* SettingsController.swift in Sources */ = {isa = PBXBuildFile; fileRef = 4774B23B28F8807D008C0F6E /* SettingsController.swift */; };
		4774B23F28F9934E008C0F6E /* WAButton.swift in Sources */ = {isa = PBXBuildFile; fileRef = 4774B23E28F9934E008C0F6E /* WAButton.swift */; };
		4774B2A5290463FD008C0F6E /* OverviewNavBar.swift in Sources */ = {isa = PBXBuildFile; fileRef = 4774B2A4290463FD008C0F6E /* OverviewNavBar.swift */; };
		4774B2A729046419008C0F6E /* BaseView.swift in Sources */ = {isa = PBXBuildFile; fileRef = 4774B2A629046419008C0F6E /* BaseView.swift */; };
		4774B2AC29053023008C0F6E /* WeekView.swift in Sources */ = {isa = PBXBuildFile; fileRef = 4774B2AB29053023008C0F6E /* WeekView.swift */; };
		4774B2AE2905305D008C0F6E /* WeekdayView.swift in Sources */ = {isa = PBXBuildFile; fileRef = 4774B2AD2905305D008C0F6E /* WeekdayView.swift */; };
		4774B2B029066B8D008C0F6E /* Date+Ext.swift in Sources */ = {isa = PBXBuildFile; fileRef = 4774B2AF29066B8C008C0F6E /* Date+Ext.swift */; };
		4774B2B429070453008C0F6E /* WABaseInfoView.swift in Sources */ = {isa = PBXBuildFile; fileRef = 4774B2B329070453008C0F6E /* WABaseInfoView.swift */; };
		4774B2B829092BFA008C0F6E /* TimerView.swift in Sources */ = {isa = PBXBuildFile; fileRef = 4774B2B729092BFA008C0F6E /* TimerView.swift */; };
		4774B2BA29092C38008C0F6E /* ProgressView.swift in Sources */ = {isa = PBXBuildFile; fileRef = 4774B2B929092C38008C0F6E /* ProgressView.swift */; };
		47D73397291D4B090049BF67 /* PercentView.swift in Sources */ = {isa = PBXBuildFile; fileRef = 47D73396291D4B090049BF67 /* PercentView.swift */; };
/* End PBXBuildFile section */

/* Begin PBXFileReference section */
		4774B20A28F84285008C0F6E /* WorkoutApp.app */ = {isa = PBXFileReference; explicitFileType = wrapper.application; includeInIndex = 0; path = WorkoutApp.app; sourceTree = BUILT_PRODUCTS_DIR; };
		4774B20D28F84285008C0F6E /* AppDelegate.swift */ = {isa = PBXFileReference; lastKnownFileType = sourcecode.swift; path = AppDelegate.swift; sourceTree = "<group>"; };
		4774B20F28F84285008C0F6E /* SceneDelegate.swift */ = {isa = PBXFileReference; lastKnownFileType = sourcecode.swift; path = SceneDelegate.swift; sourceTree = "<group>"; };
		4774B21128F84285008C0F6E /* OverviewController.swift */ = {isa = PBXFileReference; lastKnownFileType = sourcecode.swift; path = OverviewController.swift; sourceTree = "<group>"; };
		4774B21628F84286008C0F6E /* Assets.xcassets */ = {isa = PBXFileReference; lastKnownFileType = folder.assetcatalog; path = Assets.xcassets; sourceTree = "<group>"; };
		4774B21928F84286008C0F6E /* Base */ = {isa = PBXFileReference; lastKnownFileType = file.storyboard; name = Base; path = Base.lproj/LaunchScreen.storyboard; sourceTree = "<group>"; };
		4774B21B28F84286008C0F6E /* Info.plist */ = {isa = PBXFileReference; lastKnownFileType = text.plist.xml; path = Info.plist; sourceTree = "<group>"; };
		4774B22328F8439C008C0F6E /* TabBarController.swift */ = {isa = PBXFileReference; lastKnownFileType = sourcecode.swift; path = TabBarController.swift; sourceTree = "<group>"; };
		4774B22728F844A2008C0F6E /* UIColor+Hex.swift */ = {isa = PBXFileReference; lastKnownFileType = sourcecode.swift; path = "UIColor+Hex.swift"; sourceTree = "<group>"; };
		4774B22928F844D6008C0F6E /* Resources.swift */ = {isa = PBXFileReference; lastKnownFileType = sourcecode.swift; path = Resources.swift; sourceTree = "<group>"; };
		4774B22B28F84B6E008C0F6E /* NavBarController.swift */ = {isa = PBXFileReference; lastKnownFileType = sourcecode.swift; path = NavBarController.swift; sourceTree = "<group>"; };
		4774B22E28F84D98008C0F6E /* BaseController.swift */ = {isa = PBXFileReference; lastKnownFileType = sourcecode.swift; path = BaseController.swift; sourceTree = "<group>"; };
		4774B23028F84E5C008C0F6E /* UIView+Ext.swift */ = {isa = PBXFileReference; lastKnownFileType = sourcecode.swift; path = "UIView+Ext.swift"; sourceTree = "<group>"; };
		4774B23728F8806D008C0F6E /* SessionController.swift */ = {isa = PBXFileReference; lastKnownFileType = sourcecode.swift; path = SessionController.swift; sourceTree = "<group>"; };
		4774B23928F88075008C0F6E /* ProgressController.swift */ = {isa = PBXFileReference; lastKnownFileType = sourcecode.swift; path = ProgressController.swift; sourceTree = "<group>"; };
		4774B23B28F8807D008C0F6E /* SettingsController.swift */ = {isa = PBXFileReference; lastKnownFileType = sourcecode.swift; path = SettingsController.swift; sourceTree = "<group>"; };
		4774B23E28F9934E008C0F6E /* WAButton.swift */ = {isa = PBXFileReference; lastKnownFileType = sourcecode.swift; path = WAButton.swift; sourceTree = "<group>"; };
		4774B2A4290463FD008C0F6E /* OverviewNavBar.swift */ = {isa = PBXFileReference; lastKnownFileType = sourcecode.swift; path = OverviewNavBar.swift; sourceTree = "<group>"; };
		4774B2A629046419008C0F6E /* BaseView.swift */ = {isa = PBXFileReference; lastKnownFileType = sourcecode.swift; path = BaseView.swift; sourceTree = "<group>"; };
		4774B2AB29053023008C0F6E /* WeekView.swift */ = {isa = PBXFileReference; lastKnownFileType = sourcecode.swift; path = WeekView.swift; sourceTree = "<group>"; };
		4774B2AD2905305D008C0F6E /* WeekdayView.swift */ = {isa = PBXFileReference; lastKnownFileType = sourcecode.swift; path = WeekdayView.swift; sourceTree = "<group>"; };
		4774B2AF29066B8C008C0F6E /* Date+Ext.swift */ = {isa = PBXFileReference; lastKnownFileType = sourcecode.swift; path = "Date+Ext.swift"; sourceTree = "<group>"; };
		4774B2B329070453008C0F6E /* WABaseInfoView.swift */ = {isa = PBXFileReference; lastKnownFileType = sourcecode.swift; path = WABaseInfoView.swift; sourceTree = "<group>"; };
		4774B2B729092BFA008C0F6E /* TimerView.swift */ = {isa = PBXFileReference; lastKnownFileType = sourcecode.swift; path = TimerView.swift; sourceTree = "<group>"; };
		4774B2B929092C38008C0F6E /* ProgressView.swift */ = {isa = PBXFileReference; lastKnownFileType = sourcecode.swift; path = ProgressView.swift; sourceTree = "<group>"; };
		47D73396291D4B090049BF67 /* PercentView.swift */ = {isa = PBXFileReference; lastKnownFileType = sourcecode.swift; path = PercentView.swift; sourceTree = "<group>"; };
/* End PBXFileReference section */

/* Begin PBXFrameworksBuildPhase section */
		4774B20728F84285008C0F6E /* Frameworks */ = {
			isa = PBXFrameworksBuildPhase;
			buildActionMask = 2147483647;
			files = (
			);
			runOnlyForDeploymentPostprocessing = 0;
		};
/* End PBXFrameworksBuildPhase section */

/* Begin PBXGroup section */
		4774B20128F84285008C0F6E = {
			isa = PBXGroup;
			children = (
				4774B20C28F84285008C0F6E /* WorkoutApp */,
				4774B20B28F84285008C0F6E /* Products */,
			);
			sourceTree = "<group>";
		};
		4774B20B28F84285008C0F6E /* Products */ = {
			isa = PBXGroup;
			children = (
				4774B20A28F84285008C0F6E /* WorkoutApp.app */,
			);
			name = Products;
			sourceTree = "<group>";
		};
		4774B20C28F84285008C0F6E /* WorkoutApp */ = {
			isa = PBXGroup;
			children = (
				4774B22D28F84D8F008C0F6E /* Controllers */,
				4774B22128F842C9008C0F6E /* Application */,
				4774B22528F84445008C0F6E /* Helpers */,
				4774B22228F842D5008C0F6E /* SupportingFiles */,
			);
			path = WorkoutApp;
			sourceTree = "<group>";
		};
		4774B22128F842C9008C0F6E /* Application */ = {
			isa = PBXGroup;
			children = (
				4774B20D28F84285008C0F6E /* AppDelegate.swift */,
				4774B20F28F84285008C0F6E /* SceneDelegate.swift */,
			);
			path = Application;
			sourceTree = "<group>";
		};
		4774B22228F842D5008C0F6E /* SupportingFiles */ = {
			isa = PBXGroup;
			children = (
				4774B21628F84286008C0F6E /* Assets.xcassets */,
				4774B21828F84286008C0F6E /* LaunchScreen.storyboard */,
				4774B21B28F84286008C0F6E /* Info.plist */,
			);
			path = SupportingFiles;
			sourceTree = "<group>";
		};
		4774B22528F84445008C0F6E /* Helpers */ = {
			isa = PBXGroup;
			children = (
				4774B22628F84498008C0F6E /* Extensions */,
				4774B22928F844D6008C0F6E /* Resources.swift */,
			);
			path = Helpers;
			sourceTree = "<group>";
		};
		4774B22628F84498008C0F6E /* Extensions */ = {
			isa = PBXGroup;
			children = (
				4774B22728F844A2008C0F6E /* UIColor+Hex.swift */,
				4774B23028F84E5C008C0F6E /* UIView+Ext.swift */,
				4774B2AF29066B8C008C0F6E /* Date+Ext.swift */,
			);
			path = Extensions;
			sourceTree = "<group>";
		};
		4774B22D28F84D8F008C0F6E /* Controllers */ = {
			isa = PBXGroup;
			children = (
				4774B23628F88063008C0F6E /* Settings */,
				4774B23528F8805E008C0F6E /* Progress */,
				4774B23428F88053008C0F6E /* Session */,
				4774B23328F88049008C0F6E /* Overview */,
				4774B2B22907020E008C0F6E /* Navigation */,
				4774B23228F8803F008C0F6E /* Base */,
			);
			path = Controllers;
			sourceTree = "<group>";
		};
		4774B23228F8803F008C0F6E /* Base */ = {
			isa = PBXGroup;
			children = (
				4774B2B1290701E3008C0F6E /* Views */,
				4774B22E28F84D98008C0F6E /* BaseController.swift */,
			);
			path = Base;
			sourceTree = "<group>";
		};
		4774B23328F88049008C0F6E /* Overview */ = {
			isa = PBXGroup;
			children = (
				4774B23D28F99344008C0F6E /* Views */,
				4774B21128F84285008C0F6E /* OverviewController.swift */,
				4774B2A4290463FD008C0F6E /* OverviewNavBar.swift */,
			);
			path = Overview;
			sourceTree = "<group>";
		};
		4774B23428F88053008C0F6E /* Session */ = {
			isa = PBXGroup;
			children = (
				4774B2B529092BE8008C0F6E /* Views */,
				4774B23728F8806D008C0F6E /* SessionController.swift */,
			);
			path = Session;
			sourceTree = "<group>";
		};
		4774B23528F8805E008C0F6E /* Progress */ = {
			isa = PBXGroup;
			children = (
				4774B23928F88075008C0F6E /* ProgressController.swift */,
			);
			path = Progress;
			sourceTree = "<group>";
		};
		4774B23628F88063008C0F6E /* Settings */ = {
			isa = PBXGroup;
			children = (
				4774B23B28F8807D008C0F6E /* SettingsController.swift */,
			);
			path = Settings;
			sourceTree = "<group>";
		};
		4774B23D28F99344008C0F6E /* Views */ = {
			isa = PBXGroup;
			children = (
				4774B2AA29053018008C0F6E /* WeekView */,
			);
			path = Views;
			sourceTree = "<group>";
		};
		4774B2AA29053018008C0F6E /* WeekView */ = {
			isa = PBXGroup;
			children = (
				4774B2AB29053023008C0F6E /* WeekView.swift */,
				4774B2AD2905305D008C0F6E /* WeekdayView.swift */,
			);
			path = WeekView;
			sourceTree = "<group>";
		};
		4774B2B1290701E3008C0F6E /* Views */ = {
			isa = PBXGroup;
			children = (
				4774B2A629046419008C0F6E /* BaseView.swift */,
				4774B2B329070453008C0F6E /* WABaseInfoView.swift */,
				4774B23E28F9934E008C0F6E /* WAButton.swift */,
			);
			path = Views;
			sourceTree = "<group>";
		};
		4774B2B22907020E008C0F6E /* Navigation */ = {
			isa = PBXGroup;
			children = (
				4774B22328F8439C008C0F6E /* TabBarController.swift */,
				4774B22B28F84B6E008C0F6E /* NavBarController.swift */,
			);
			path = Navigation;
			sourceTree = "<group>";
		};
		4774B2B529092BE8008C0F6E /* Views */ = {
			isa = PBXGroup;
			children = (
				4774B2B629092BF2008C0F6E /* Timer */,
			);
			path = Views;
			sourceTree = "<group>";
		};
		4774B2B629092BF2008C0F6E /* Timer */ = {
			isa = PBXGroup;
			children = (
				4774B2B729092BFA008C0F6E /* TimerView.swift */,
				4774B2B929092C38008C0F6E /* ProgressView.swift */,
				47D73396291D4B090049BF67 /* PercentView.swift */,
			);
			path = Timer;
			sourceTree = "<group>";
		};
/* End PBXGroup section */

/* Begin PBXNativeTarget section */
		4774B20928F84285008C0F6E /* WorkoutApp */ = {
			isa = PBXNativeTarget;
			buildConfigurationList = 4774B21E28F84286008C0F6E /* Build configuration list for PBXNativeTarget "WorkoutApp" */;
			buildPhases = (
				4774B20628F84285008C0F6E /* Sources */,
				4774B20728F84285008C0F6E /* Frameworks */,
				4774B20828F84285008C0F6E /* Resources */,
			);
			buildRules = (
			);
			dependencies = (
			);
			name = WorkoutApp;
			productName = WorkoutApp;
			productReference = 4774B20A28F84285008C0F6E /* WorkoutApp.app */;
			productType = "com.apple.product-type.application";
		};
/* End PBXNativeTarget section */

/* Begin PBXProject section */
		4774B20228F84285008C0F6E /* Project object */ = {
			isa = PBXProject;
			attributes = {
				BuildIndependentTargetsInParallel = 1;
				LastSwiftUpdateCheck = 1340;
				LastUpgradeCheck = 1340;
				TargetAttributes = {
					4774B20928F84285008C0F6E = {
						CreatedOnToolsVersion = 13.4.1;
					};
				};
			};
			buildConfigurationList = 4774B20528F84285008C0F6E /* Build configuration list for PBXProject "WorkoutApp" */;
			compatibilityVersion = "Xcode 13.0";
			developmentRegion = en;
			hasScannedForEncodings = 0;
			knownRegions = (
				en,
				Base,
			);
			mainGroup = 4774B20128F84285008C0F6E;
			productRefGroup = 4774B20B28F84285008C0F6E /* Products */;
			projectDirPath = "";
			projectRoot = "";
			targets = (
				4774B20928F84285008C0F6E /* WorkoutApp */,
			);
		};
/* End PBXProject section */

/* Begin PBXResourcesBuildPhase section */
		4774B20828F84285008C0F6E /* Resources */ = {
			isa = PBXResourcesBuildPhase;
			buildActionMask = 2147483647;
			files = (
				4774B21A28F84286008C0F6E /* LaunchScreen.storyboard in Resources */,
				4774B21728F84286008C0F6E /* Assets.xcassets in Resources */,
			);
			runOnlyForDeploymentPostprocessing = 0;
		};
/* End PBXResourcesBuildPhase section */

/* Begin PBXSourcesBuildPhase section */
		4774B20628F84285008C0F6E /* Sources */ = {
			isa = PBXSourcesBuildPhase;
			buildActionMask = 2147483647;
			files = (
				4774B23C28F8807D008C0F6E /* SettingsController.swift in Sources */,
				4774B21228F84285008C0F6E /* OverviewController.swift in Sources */,
				4774B2A5290463FD008C0F6E /* OverviewNavBar.swift in Sources */,
				4774B22428F8439C008C0F6E /* TabBarController.swift in Sources */,
				4774B20E28F84285008C0F6E /* AppDelegate.swift in Sources */,
				4774B22C28F84B6E008C0F6E /* NavBarController.swift in Sources */,
				4774B2AC29053023008C0F6E /* WeekView.swift in Sources */,
				4774B23828F8806D008C0F6E /* SessionController.swift in Sources */,
				47D73397291D4B090049BF67 /* PercentView.swift in Sources */,
				4774B2B029066B8D008C0F6E /* Date+Ext.swift in Sources */,
				4774B2BA29092C38008C0F6E /* ProgressView.swift in Sources */,
				4774B2B429070453008C0F6E /* WABaseInfoView.swift in Sources */,
				4774B2B829092BFA008C0F6E /* TimerView.swift in Sources */,
				4774B23F28F9934E008C0F6E /* WAButton.swift in Sources */,
				4774B23A28F88075008C0F6E /* ProgressController.swift in Sources */,
				4774B23128F84E5C008C0F6E /* UIView+Ext.swift in Sources */,
				4774B22A28F844D6008C0F6E /* Resources.swift in Sources */,
				4774B21028F84285008C0F6E /* SceneDelegate.swift in Sources */,
				4774B2A729046419008C0F6E /* BaseView.swift in Sources */,
				4774B2AE2905305D008C0F6E /* WeekdayView.swift in Sources */,
				4774B22F28F84D98008C0F6E /* BaseController.swift in Sources */,
				4774B22828F844A2008C0F6E /* UIColor+Hex.swift in Sources */,
			);
			runOnlyForDeploymentPostprocessing = 0;
		};
/* End PBXSourcesBuildPhase section */

/* Begin PBXVariantGroup section */
		4774B21828F84286008C0F6E /* LaunchScreen.storyboard */ = {
			isa = PBXVariantGroup;
			children = (
				4774B21928F84286008C0F6E /* Base */,
			);
			name = LaunchScreen.storyboard;
			sourceTree = "<group>";
		};
/* End PBXVariantGroup section */

/* Begin XCBuildConfiguration section */
		4774B21C28F84286008C0F6E /* Debug */ = {
			isa = XCBuildConfiguration;
			buildSettings = {
				ALWAYS_SEARCH_USER_PATHS = NO;
				CLANG_ANALYZER_NONNULL = YES;
				CLANG_ANALYZER_NUMBER_OBJECT_CONVERSION = YES_AGGRESSIVE;
				CLANG_CXX_LANGUAGE_STANDARD = "gnu++17";
				CLANG_ENABLE_MODULES = YES;
				CLANG_ENABLE_OBJC_ARC = YES;
				CLANG_ENABLE_OBJC_WEAK = YES;
				CLANG_WARN_BLOCK_CAPTURE_AUTORELEASING = YES;
				CLANG_WARN_BOOL_CONVERSION = YES;
				CLANG_WARN_COMMA = YES;
				CLANG_WARN_CONSTANT_CONVERSION = YES;
				CLANG_WARN_DEPRECATED_OBJC_IMPLEMENTATIONS = YES;
				CLANG_WARN_DIRECT_OBJC_ISA_USAGE = YES_ERROR;
				CLANG_WARN_DOCUMENTATION_COMMENTS = YES;
				CLANG_WARN_EMPTY_BODY = YES;
				CLANG_WARN_ENUM_CONVERSION = YES;
				CLANG_WARN_INFINITE_RECURSION = YES;
				CLANG_WARN_INT_CONVERSION = YES;
				CLANG_WARN_NON_LITERAL_NULL_CONVERSION = YES;
				CLANG_WARN_OBJC_IMPLICIT_RETAIN_SELF = YES;
				CLANG_WARN_OBJC_LITERAL_CONVERSION = YES;
				CLANG_WARN_OBJC_ROOT_CLASS = YES_ERROR;
				CLANG_WARN_QUOTED_INCLUDE_IN_FRAMEWORK_HEADER = YES;
				CLANG_WARN_RANGE_LOOP_ANALYSIS = YES;
				CLANG_WARN_STRICT_PROTOTYPES = YES;
				CLANG_WARN_SUSPICIOUS_MOVE = YES;
				CLANG_WARN_UNGUARDED_AVAILABILITY = YES_AGGRESSIVE;
				CLANG_WARN_UNREACHABLE_CODE = YES;
				CLANG_WARN__DUPLICATE_METHOD_MATCH = YES;
				COPY_PHASE_STRIP = NO;
				DEBUG_INFORMATION_FORMAT = dwarf;
				ENABLE_STRICT_OBJC_MSGSEND = YES;
				ENABLE_TESTABILITY = YES;
				GCC_C_LANGUAGE_STANDARD = gnu11;
				GCC_DYNAMIC_NO_PIC = NO;
				GCC_NO_COMMON_BLOCKS = YES;
				GCC_OPTIMIZATION_LEVEL = 0;
				GCC_PREPROCESSOR_DEFINITIONS = (
					"DEBUG=1",
					"$(inherited)",
				);
				GCC_WARN_64_TO_32_BIT_CONVERSION = YES;
				GCC_WARN_ABOUT_RETURN_TYPE = YES_ERROR;
				GCC_WARN_UNDECLARED_SELECTOR = YES;
				GCC_WARN_UNINITIALIZED_AUTOS = YES_AGGRESSIVE;
				GCC_WARN_UNUSED_FUNCTION = YES;
				GCC_WARN_UNUSED_VARIABLE = YES;
				IPHONEOS_DEPLOYMENT_TARGET = 15.5;
				MTL_ENABLE_DEBUG_INFO = INCLUDE_SOURCE;
				MTL_FAST_MATH = YES;
				ONLY_ACTIVE_ARCH = YES;
				SDKROOT = iphoneos;
				SWIFT_ACTIVE_COMPILATION_CONDITIONS = DEBUG;
				SWIFT_OPTIMIZATION_LEVEL = "-Onone";
			};
			name = Debug;
		};
		4774B21D28F84286008C0F6E /* Release */ = {
			isa = XCBuildConfiguration;
			buildSettings = {
				ALWAYS_SEARCH_USER_PATHS = NO;
				CLANG_ANALYZER_NONNULL = YES;
				CLANG_ANALYZER_NUMBER_OBJECT_CONVERSION = YES_AGGRESSIVE;
				CLANG_CXX_LANGUAGE_STANDARD = "gnu++17";
				CLANG_ENABLE_MODULES = YES;
				CLANG_ENABLE_OBJC_ARC = YES;
				CLANG_ENABLE_OBJC_WEAK = YES;
				CLANG_WARN_BLOCK_CAPTURE_AUTORELEASING = YES;
				CLANG_WARN_BOOL_CONVERSION = YES;
				CLANG_WARN_COMMA = YES;
				CLANG_WARN_CONSTANT_CONVERSION = YES;
				CLANG_WARN_DEPRECATED_OBJC_IMPLEMENTATIONS = YES;
				CLANG_WARN_DIRECT_OBJC_ISA_USAGE = YES_ERROR;
				CLANG_WARN_DOCUMENTATION_COMMENTS = YES;
				CLANG_WARN_EMPTY_BODY = YES;
				CLANG_WARN_ENUM_CONVERSION = YES;
				CLANG_WARN_INFINITE_RECURSION = YES;
				CLANG_WARN_INT_CONVERSION = YES;
				CLANG_WARN_NON_LITERAL_NULL_CONVERSION = YES;
				CLANG_WARN_OBJC_IMPLICIT_RETAIN_SELF = YES;
				CLANG_WARN_OBJC_LITERAL_CONVERSION = YES;
				CLANG_WARN_OBJC_ROOT_CLASS = YES_ERROR;
				CLANG_WARN_QUOTED_INCLUDE_IN_FRAMEWORK_HEADER = YES;
				CLANG_WARN_RANGE_LOOP_ANALYSIS = YES;
				CLANG_WARN_STRICT_PROTOTYPES = YES;
				CLANG_WARN_SUSPICIOUS_MOVE = YES;
				CLANG_WARN_UNGUARDED_AVAILABILITY = YES_AGGRESSIVE;
				CLANG_WARN_UNREACHABLE_CODE = YES;
				CLANG_WARN__DUPLICATE_METHOD_MATCH = YES;
				COPY_PHASE_STRIP = NO;
				DEBUG_INFORMATION_FORMAT = "dwarf-with-dsym";
				ENABLE_NS_ASSERTIONS = NO;
				ENABLE_STRICT_OBJC_MSGSEND = YES;
				GCC_C_LANGUAGE_STANDARD = gnu11;
				GCC_NO_COMMON_BLOCKS = YES;
				GCC_WARN_64_TO_32_BIT_CONVERSION = YES;
				GCC_WARN_ABOUT_RETURN_TYPE = YES_ERROR;
				GCC_WARN_UNDECLARED_SELECTOR = YES;
				GCC_WARN_UNINITIALIZED_AUTOS = YES_AGGRESSIVE;
				GCC_WARN_UNUSED_FUNCTION = YES;
				GCC_WARN_UNUSED_VARIABLE = YES;
				IPHONEOS_DEPLOYMENT_TARGET = 15.5;
				MTL_ENABLE_DEBUG_INFO = NO;
				MTL_FAST_MATH = YES;
				SDKROOT = iphoneos;
				SWIFT_COMPILATION_MODE = wholemodule;
				SWIFT_OPTIMIZATION_LEVEL = "-O";
				VALIDATE_PRODUCT = YES;
			};
			name = Release;
		};
		4774B21F28F84286008C0F6E /* Debug */ = {
			isa = XCBuildConfiguration;
			buildSettings = {
				ASSETCATALOG_COMPILER_APPICON_NAME = AppIcon;
				ASSETCATALOG_COMPILER_GLOBAL_ACCENT_COLOR_NAME = AccentColor;
				CODE_SIGN_STYLE = Automatic;
				CURRENT_PROJECT_VERSION = 1;
				DEVELOPMENT_TEAM = 27TP8KZ84U;
				GENERATE_INFOPLIST_FILE = YES;
				INFOPLIST_FILE = WorkoutApp/SupportingFiles/Info.plist;
				INFOPLIST_KEY_UIApplicationSupportsIndirectInputEvents = YES;
				INFOPLIST_KEY_UILaunchStoryboardName = LaunchScreen;
				INFOPLIST_KEY_UISupportedInterfaceOrientations = UIInterfaceOrientationPortrait;
				INFOPLIST_KEY_UISupportedInterfaceOrientations_iPad = "UIInterfaceOrientationPortrait UIInterfaceOrientationPortraitUpsideDown UIInterfaceOrientationLandscapeLeft UIInterfaceOrientationLandscapeRight";
				INFOPLIST_KEY_UISupportedInterfaceOrientations_iPhone = "UIInterfaceOrientationPortrait UIInterfaceOrientationLandscapeLeft UIInterfaceOrientationLandscapeRight";
				LD_RUNPATH_SEARCH_PATHS = (
					"$(inherited)",
					"@executable_path/Frameworks",
				);
				MARKETING_VERSION = 1.0;
				PRODUCT_BUNDLE_IDENTIFIER = com.kolundaevva.WorkoutApp;
				PRODUCT_NAME = "$(TARGET_NAME)";
				SWIFT_EMIT_LOC_STRINGS = YES;
				SWIFT_VERSION = 5.0;
				TARGETED_DEVICE_FAMILY = 1;
			};
			name = Debug;
		};
		4774B22028F84286008C0F6E /* Release */ = {
			isa = XCBuildConfiguration;
			buildSettings = {
				ASSETCATALOG_COMPILER_APPICON_NAME = AppIcon;
				ASSETCATALOG_COMPILER_GLOBAL_ACCENT_COLOR_NAME = AccentColor;
				CODE_SIGN_STYLE = Automatic;
				CURRENT_PROJECT_VERSION = 1;
				DEVELOPMENT_TEAM = 27TP8KZ84U;
				GENERATE_INFOPLIST_FILE = YES;
				INFOPLIST_FILE = WorkoutApp/SupportingFiles/Info.plist;
				INFOPLIST_KEY_UIApplicationSupportsIndirectInputEvents = YES;
				INFOPLIST_KEY_UILaunchStoryboardName = LaunchScreen;
				INFOPLIST_KEY_UISupportedInterfaceOrientations = UIInterfaceOrientationPortrait;
				INFOPLIST_KEY_UISupportedInterfaceOrientations_iPad = "UIInterfaceOrientationPortrait UIInterfaceOrientationPortraitUpsideDown UIInterfaceOrientationLandscapeLeft UIInterfaceOrientationLandscapeRight";
				INFOPLIST_KEY_UISupportedInterfaceOrientations_iPhone = "UIInterfaceOrientationPortrait UIInterfaceOrientationLandscapeLeft UIInterfaceOrientationLandscapeRight";
				LD_RUNPATH_SEARCH_PATHS = (
					"$(inherited)",
					"@executable_path/Frameworks",
				);
				MARKETING_VERSION = 1.0;
				PRODUCT_BUNDLE_IDENTIFIER = com.kolundaevva.WorkoutApp;
				PRODUCT_NAME = "$(TARGET_NAME)";
				SWIFT_EMIT_LOC_STRINGS = YES;
				SWIFT_VERSION = 5.0;
				TARGETED_DEVICE_FAMILY = 1;
			};
			name = Release;
		};
/* End XCBuildConfiguration section */

/* Begin XCConfigurationList section */
		4774B20528F84285008C0F6E /* Build configuration list for PBXProject "WorkoutApp" */ = {
			isa = XCConfigurationList;
			buildConfigurations = (
				4774B21C28F84286008C0F6E /* Debug */,
				4774B21D28F84286008C0F6E /* Release */,
			);
			defaultConfigurationIsVisible = 0;
			defaultConfigurationName = Release;
		};
		4774B21E28F84286008C0F6E /* Build configuration list for PBXNativeTarget "WorkoutApp" */ = {
			isa = XCConfigurationList;
			buildConfigurations = (
				4774B21F28F84286008C0F6E /* Debug */,
				4774B22028F84286008C0F6E /* Release */,
			);
			defaultConfigurationIsVisible = 0;
			defaultConfigurationName = Release;
		};
/* End XCConfigurationList section */
	};
	rootObject = 4774B20228F84285008C0F6E /* Project object */;
}
